
Microsoft Visual Studio Solution File, Format Version 12.00
# Visual Studio Version 17
VisualStudioVersion = 17.0.31903.59
MinimumVisualStudioVersion = 10.0.40219.1
Project("{2150E333-8FDC-42A3-9474-1A3956D46DE8}") = "src", "src", "{A5638CDC-C02E-475A-92B0-EC254036B9FE}"
EndProject
Project("{FAE04EC0-301F-11D3-BF4B-00C04F79EFBC}") = "CodexDeepSeekSetup.Helper", "src\CodexDeepSeekSetup.Helper\CodexDeepSeekSetup.Helper.csproj", "{8FB75C8B-379D-4217-9654-F15720D6C711}"
EndProject
Project("{FAE04EC0-301F-11D3-BF4B-00C04F79EFBC}") = "CodexDeepSeekSetup.Core", "src\CodexDeepSeekSetup.Core\CodexDeepSeekSetup.Core.csproj", "{879A0471-389A-4674-BA87-D96F183E4C83}"
EndProject
Project("{2150E333-8FDC-42A3-9474-1A3956D46DE8}") = "tests", "tests", "{729EEA1A-99E0-47C1-A745-5C643B4783AA}"
EndProject
Project("{FAE04EC0-301F-11D3-BF4B-00C04F79EFBC}") = "CodexDeepSeekSetup.Core.Tests", "tests\CodexDeepSeekSetup.Core.Tests\CodexDeepSeekSetup.Core.Tests.csproj", "{D9E97A35-2D47-40DE-876C-7BE2D9FED36E}"
EndProject
Project("{FAE04EC0-301F-11D3-BF4B-00C04F79EFBC}") = "CodexDeepSeekSetup.Windows", "src\CodexDeepSeekSetup.Windows\CodexDeepSeekSetup.Windows.csproj", "{376332B2-9803-41FD-BB97-5ED6C036C9CA}"
EndProject
Project("{FAE04EC0-301F-11D3-BF4B-00C04F79EFBC}") = "CodexDeepSeekSetup.Windows.Tests", "tests\CodexDeepSeekSetup.Windows.Tests\CodexDeepSeekSetup.Windows.Tests.csproj", "{1104468B-CEA7-4454-B73C-28B944CB1502}"
EndProject
Project("{FAE04EC0-301F-11D3-BF4B-00C04F79EFBC}") = "CodexDeepSeekSetup.App.Logic", "src\CodexDeepSeekSetup.App.Logic\CodexDeepSeekSetup.App.Logic.csproj", "{1780F501-8058-4589-B00E-17AE2628CFB3}"
EndProject
Project("{FAE04EC0-301F-11D3-BF4B-00C04F79EFBC}") = "CodexDeepSeekSetup.App", "src\CodexDeepSeekSetup.App\CodexDeepSeekSetup.App.csproj", "{EA402323-990D-4187-B0DA-3D23770323F2}"
EndProject
Project("{FAE04EC0-301F-11D3-BF4B-00C04F79EFBC}") = "CodexDeepSeekSetup.App.Tests", "tests\CodexDeepSeekSetup.App.Tests\CodexDeepSeekSetup.App.Tests.csproj", "{EB626640-C013-4ABF-B6A8-62F5F9ED1187}"
EndProject
Global
	GlobalSection(SolutionConfigurationPlatforms) = preSolution
		Debug|Any CPU = Debug|Any CPU
		Release|Any CPU = Release|Any CPU
	EndGlobalSection
	GlobalSection(SolutionProperties) = preSolution
		HideSolutionNode = FALSE
	EndGlobalSection
	GlobalSection(ProjectConfigurationPlatforms) = postSolution
		{879A0471-389A-4674-BA87-D96F183E4C83}.Debug|Any CPU.ActiveCfg = Debug|Any CPU
		{879A0471-389A-4674-BA87-D96F183E4C83}.Debug|Any CPU.Build.0 = Debug|Any CPU
		{879A0471-389A-4674-BA87-D96F183E4C83}.Release|Any CPU.ActiveCfg = Release|Any CPU
		{879A0471-389A-4674-BA87-D96F183E4C83}.Release|Any CPU.Build.0 = Release|Any CPU
		{D9E97A35-2D47-40DE-876C-7BE2D9FED36E}.Debug|Any CPU.ActiveCfg = Debug|Any CPU
		{D9E97A35-2D47-40DE-876C-7BE2D9FED36E}.Debug|Any CPU.Build.0 = Debug|Any CPU
		{D9E97A35-2D47-40DE-876C-7BE2D9FED36E}.Release|Any CPU.ActiveCfg = Release|Any CPU
		{D9E97A35-2D47-40DE-876C-7BE2D9FED36E}.Release|Any CPU.Build.0 = Release|Any CPU
		{376332B2-9803-41FD-BB97-5ED6C036C9CA}.Debug|Any CPU.ActiveCfg = Debug|Any CPU
		{376332B2-9803-41FD-BB97-5ED6C036C9CA}.Debug|Any CPU.Build.0 = Debug|Any CPU
		{376332B2-9803-41FD-BB97-5ED6C036C9CA}.Release|Any CPU.ActiveCfg = Release|Any CPU
		{376332B2-9803-41FD-BB97-5ED6C036C9CA}.Release|Any CPU.Build.0 = Release|Any CPU
		{1104468B-CEA7-4454-B73C-28B944CB1502}.Debug|Any CPU.ActiveCfg = Debug|Any CPU
		{1104468B-CEA7-4454-B73C-28B944CB1502}.Debug|Any CPU.Build.0 = Debug|Any CPU
		{1104468B-CEA7-4454-B73C-28B944CB1502}.Release|Any CPU.ActiveCfg = Release|Any CPU
		{1104468B-CEA7-4454-B73C-28B944CB1502}.Release|Any CPU.Build.0 = Release|Any CPU
		{1780F501-8058-4589-B00E-17AE2628CFB3}.Debug|Any CPU.ActiveCfg = Debug|Any CPU
		{1780F501-8058-4589-B00E-17AE2628CFB3}.Debug|Any CPU.Build.0 = Debug|Any CPU
		{1780F501-8058-4589-B00E-17AE2628CFB3}.Release|Any CPU.ActiveCfg = Release|Any CPU
		{1780F501-8058-4589-B00E-17AE2628CFB3}.Release|Any CPU.Build.0 = Release|Any CPU
		{EA402323-990D-4187-B0DA-3D23770323F2}.Debug|Any CPU.ActiveCfg = Debug|Any CPU
		{EA402323-990D-4187-B0DA-3D23770323F2}.Debug|Any CPU.Build.0 = Debug|Any CPU
		{EA402323-990D-4187-B0DA-3D23770323F2}.Release|Any CPU.ActiveCfg = Release|Any CPU
		{EA402323-990D-4187-B0DA-3D23770323F2}.Release|Any CPU.Build.0 = Release|Any CPU
		{EB626640-C013-4ABF-B6A8-62F5F9ED1187}.Debug|Any CPU.ActiveCfg = Debug|Any CPU
		{EB626640-C013-4ABF-B6A8-62F5F9ED1187}.Debug|Any CPU.Build.0 = Debug|Any CPU
		{EB626640-C013-4ABF-B6A8-62F5F9ED1187}.Release|Any CPU.ActiveCfg = Release|Any CPU
		{EB626640-C013-4ABF-B6A8-62F5F9ED1187}.Release|Any CPU.Build.0 = Release|Any CPU
	EndGlobalSection
	GlobalSection(NestedProjects) = preSolution
		{879A0471-389A-4674-BA87-D96F183E4C83} = {A5638CDC-C02E-475A-92B0-EC254036B9FE}
		{D9E97A35-2D47-40DE-876C-7BE2D9FED36E} = {729EEA1A-99E0-47C1-A745-5C643B4783AA}
		{376332B2-9803-41FD-BB97-5ED6C036C9CA} = {A5638CDC-C02E-475A-92B0-EC254036B9FE}
		{1104468B-CEA7-4454-B73C-28B944CB1502} = {729EEA1A-99E0-47C1-A745-5C643B4783AA}
		{1780F501-8058-4589-B00E-17AE2628CFB3} = {A5638CDC-C02E-475A-92B0-EC254036B9FE}
		{EA402323-990D-4187-B0DA-3D23770323F2} = {A5638CDC-C02E-475A-92B0-EC254036B9FE}
		{EB626640-C013-4ABF-B6A8-62F5F9ED1187} = {729EEA1A-99E0-47C1-A745-5C643B4783AA}
	EndGlobalSection
EndGlobal
